<?xml version="1.0" encoding="utf-8"?>
<Project ToolsVersion="4.0" xmlns="http://schemas.microsoft.com/developer/msbuild/2003">
  <ItemGroup>
    <Filter Include="Source Files">
      <UniqueIdentifier>{4FC737F1-C7A5-4376-A066-2A32D752A2FF}</UniqueIdentifier>
      <Extensions>cpp;c;cc;cxx;def;odl;idl;hpj;bat;asm;asmx</Extensions>
    </Filter>
    <Filter Include="Header Files">
      <UniqueIdentifier>{93995380-89BD-4b04-88EB-625FBE52EBFB}</UniqueIdentifier>
      <Extensions>h;hh;hpp;hxx;hm;inl;inc;ipp;xsd</Extensions>
    </Filter>
    <Filter Include="Resource Files">
      <UniqueIdentifier>{67DA6AB6-F800-4c08-8B7A-83BB121AAD01}</UniqueIdentifier>
      <Extensions>rc;ico;cur;bmp;dlg;rc2;rct;bin;rgs;gif;jpg;jpeg;jpe;resx;tiff;tif;png;wav;mfcribbon-ms</Extensions>
    </Filter>
    <Filter Include="Source Files\optix">
      <UniqueIdentifier>{0f14fed9-a88c-4e11-9335-6bbe37737fda}</UniqueIdentifier>
    </Filter>
    <Filter Include="Header Files\optix">
      <UniqueIdentifier>{1383d2e9-ca51-4d92-bb9e-54db39c6d871}</UniqueIdentifier>
    </Filter>
    <Filter Include="Header Files\math">
      <UniqueIdentifier>{46fad228-55ae-4a83-8bb9-a2e9f81eb507}</UniqueIdentifier>
    </Filter>
    <Filter Include="Header Files\geom">
      <UniqueIdentifier>{6194f8fd-ccd7-437d-9d81-2ea8554e3521}</UniqueIdentifier>
    </Filter>
    <Filter Include="Source Files\math">
      <UniqueIdentifier>{7a446a74-7357-4d4d-811b-3442dad8743b}</UniqueIdentifier>
    </Filter>
    <Filter Include="Source Files\geom">
      <UniqueIdentifier>{41754ede-cebe-41e1-a1f0-92f70d6ff0b4}</UniqueIdentifier>
    </Filter>
    <Filter Include="Header Files\imgui">
      <UniqueIdentifier>{b971269f-a9e9-463c-b8bd-f82aa75fd7b8}</UniqueIdentifier>
    </Filter>
    <Filter Include="Source Files\imgui">
      <UniqueIdentifier>{fdbc8095-8e1b-4aa9-bee2-b1ad33d43c94}</UniqueIdentifier>
    </Filter>
  </ItemGroup>
  <ItemGroup>
    <ClInclude Include="pch.h">
      <Filter>Header Files</Filter>
    </ClInclude>
    <ClInclude Include="tutorials.h">
      <Filter>Header Files</Filter>
    </ClInclude>
    <ClInclude Include="optixtutorial.h">
      <Filter>Header Files\optix</Filter>
    </ClInclude>
    <ClInclude Include="objloader.h">
      <Filter>Header Files</Filter>
    </ClInclude>
    <ClInclude Include="utils.h">
      <Filter>Header Files</Filter>
    </ClInclude>
    <ClInclude Include="matrix3x3.h">
      <Filter>Header Files\math</Filter>
    </ClInclude>
    <ClInclude Include="mymath.h">
      <Filter>Header Files\math</Filter>
    </ClInclude>
    <ClInclude Include="structs.h">
      <Filter>Header Files\geom</Filter>
    </ClInclude>
    <ClInclude Include="triangle.h">
      <Filter>Header Files\geom</Filter>
    </ClInclude>
    <ClInclude Include="vector3.h">
      <Filter>Header Files\math</Filter>
    </ClInclude>
    <ClInclude Include="vertex.h">
      <Filter>Header Files\geom</Filter>
    </ClInclude>
    <ClInclude Include="surface.h">
      <Filter>Header Files\geom</Filter>
    </ClInclude>
    <ClInclude Include="material.h">
      <Filter>Header Files\geom</Filter>
    </ClInclude>
    <ClInclude Include="texture.h">
      <Filter>Header Files\geom</Filter>
    </ClInclude>
    <ClInclude Include="simpleguidx11.h">
      <Filter>Header Files</Filter>
    </ClInclude>
    <ClInclude Include="..\..\libs\imgui\include\imconfig.h">
      <Filter>Header Files\imgui</Filter>
    </ClInclude>
    <ClInclude Include="..\..\libs\imgui\include\imgui.h">
      <Filter>Header Files\imgui</Filter>
    </ClInclude>
    <ClInclude Include="..\..\libs\imgui\include\imgui_impl_dx11.h">
      <Filter>Header Files\imgui</Filter>
    </ClInclude>
    <ClInclude Include="..\..\libs\imgui\include\imgui_impl_win32.h">
      <Filter>Header Files\imgui</Filter>
    </ClInclude>
    <ClInclude Include="..\..\libs\imgui\include\imgui_internal.h">
      <Filter>Header Files\imgui</Filter>
    </ClInclude>
    <ClInclude Include="..\..\libs\imgui\include\stb_rect_pack.h">
      <Filter>Header Files\imgui</Filter>
    </ClInclude>
    <ClInclude Include="..\..\libs\imgui\include\stb_textedit.h">
      <Filter>Header Files\imgui</Filter>
    </ClInclude>
    <ClInclude Include="..\..\libs\imgui\include\stb_truetype.h">
      <Filter>Header Files\imgui</Filter>
    </ClInclude>
    <ClInclude Include="raytracer.h">
      <Filter>Header Files</Filter>
    </ClInclude>
    <ClInclude Include="camera.h">
      <Filter>Header Files</Filter>
    </ClInclude>
  </ItemGroup>
  <ItemGroup>
    <ClCompile Include="pch.cpp">
      <Filter>Source Files</Filter>
    </ClCompile>
    <ClCompile Include="pg2_optix.cpp">
      <Filter>Source Files</Filter>
    </ClCompile>
    <ClCompile Include="tutorials.cpp">
      <Filter>Source Files</Filter>
    </ClCompile>
    <ClCompile Include="objloader.cpp">
      <Filter>Source Files</Filter>
    </ClCompile>
    <ClCompile Include="utils.cpp">
      <Filter>Source Files</Filter>
    </ClCompile>
    <ClCompile Include="matrix3x3.cpp">
      <Filter>Source Files\math</Filter>
    </ClCompile>
    <ClCompile Include="mymath.cpp">
      <Filter>Source Files\math</Filter>
    </ClCompile>
    <ClCompile Include="material.cpp">
      <Filter>Source Files\geom</Filter>
    </ClCompile>
    <ClCompile Include="structs.cpp">
      <Filter>Source Files\geom</Filter>
    </ClCompile>
    <ClCompile Include="surface.cpp">
      <Filter>Source Files\geom</Filter>
    </ClCompile>
    <ClCompile Include="texture.cpp">
      <Filter>Source Files\geom</Filter>
    </ClCompile>
    <ClCompile Include="triangle.cpp">
      <Filter>Source Files\geom</Filter>
    </ClCompile>
    <ClCompile Include="vector3.cpp">
      <Filter>Source Files\math</Filter>
    </ClCompile>
    <ClCompile Include="vertex.cpp">
      <Filter>Source Files\geom</Filter>
    </ClCompile>
    <ClCompile Include="simpleguidx11.cpp">
      <Filter>Source Files</Filter>
    </ClCompile>
    <ClCompile Include="..\..\libs\imgui\imgui.cpp">
      <Filter>Source Files\imgui</Filter>
    </ClCompile>
    <ClCompile Include="..\..\libs\imgui\imgui_demo.cpp">
      <Filter>Source Files\imgui</Filter>
    </ClCompile>
    <ClCompile Include="..\..\libs\imgui\imgui_draw.cpp">
      <Filter>Source Files\imgui</Filter>
    </ClCompile>
    <ClCompile Include="..\..\libs\imgui\imgui_impl_dx11.cpp">
      <Filter>Source Files\imgui</Filter>
    </ClCompile>
    <ClCompile Include="..\..\libs\imgui\imgui_impl_win32.cpp">
      <Filter>Source Files\imgui</Filter>
    </ClCompile>
    <ClCompile Include="raytracer.cpp">
      <Filter>Source Files</Filter>
    </ClCompile>
    <ClCompile Include="camera.cpp">
      <Filter>Source Files</Filter>
    </ClCompile>
  </ItemGroup>
  <ItemGroup>
    <CudaCompile Include="optixtutorial.cu">
      <Filter>Source Files\optix</Filter>
    </CudaCompile>
  </ItemGroup>
</Project>